// !$*UTF8*$!
{
	archiveVersion = 1;
	classes = {
	};
	objectVersion = 56;
	objects = {

/* Begin PBXBuildFile section */
		19B9F1AE2CD7BEC80064F41A /* Modular_DI_SwiftUIApp.swift in Sources */ = {isa = PBXBuildFile; fileRef = 19B9F1AD2CD7BEC80064F41A /* Modular_DI_SwiftUIApp.swift */; };
		19B9F1B02CD7BEC80064F41A /* ContentView.swift in Sources */ = {isa = PBXBuildFile; fileRef = 19B9F1AF2CD7BEC80064F41A /* ContentView.swift */; };
		19B9F1B22CD7BECA0064F41A /* Assets.xcassets in Resources */ = {isa = PBXBuildFile; fileRef = 19B9F1B12CD7BECA0064F41A /* Assets.xcassets */; };
		19B9F1B52CD7BECA0064F41A /* Preview Assets.xcassets in Resources */ = {isa = PBXBuildFile; fileRef = 19B9F1B42CD7BECA0064F41A /* Preview Assets.xcassets */; };
		19B9F2852CD7CC1A0064F41A /* SomeFeature.framework in Frameworks */ = {isa = PBXBuildFile; fileRef = 19B9F2822CD7CC1A0064F41A /* SomeFeature.framework */; };
		19B9F2862CD7CC1A0064F41A /* SomeFeature.framework in Embed Frameworks */ = {isa = PBXBuildFile; fileRef = 19B9F2822CD7CC1A0064F41A /* SomeFeature.framework */; settings = {ATTRIBUTES = (CodeSignOnCopy, RemoveHeadersOnCopy, ); }; };
		19B9F2872CD7CC1A0064F41A /* SomeServiceImplementation.framework in Frameworks */ = {isa = PBXBuildFile; fileRef = 19B9F2832CD7CC1A0064F41A /* SomeServiceImplementation.framework */; };
		19B9F2882CD7CC1A0064F41A /* SomeServiceImplementation.framework in Embed Frameworks */ = {isa = PBXBuildFile; fileRef = 19B9F2832CD7CC1A0064F41A /* SomeServiceImplementation.framework */; settings = {ATTRIBUTES = (CodeSignOnCopy, RemoveHeadersOnCopy, ); }; };
		19B9F2892CD7CC1A0064F41A /* SomeServiceInterface.framework in Frameworks */ = {isa = PBXBuildFile; fileRef = 19B9F2842CD7CC1A0064F41A /* SomeServiceInterface.framework */; };
		19B9F28A2CD7CC1A0064F41A /* SomeServiceInterface.framework in Embed Frameworks */ = {isa = PBXBuildFile; fileRef = 19B9F2842CD7CC1A0064F41A /* SomeServiceInterface.framework */; settings = {ATTRIBUTES = (CodeSignOnCopy, RemoveHeadersOnCopy, ); }; };
/* End PBXBuildFile section */

/* Begin PBXCopyFilesBuildPhase section */
		19B9F28B2CD7CC1A0064F41A /* Embed Frameworks */ = {
			isa = PBXCopyFilesBuildPhase;
			buildActionMask = 2147483647;
			dstPath = "";
			dstSubfolderSpec = 10;
			files = (
				19B9F2882CD7CC1A0064F41A /* SomeServiceImplementation.framework in Embed Frameworks */,
				19B9F28A2CD7CC1A0064F41A /* SomeServiceInterface.framework in Embed Frameworks */,
				19B9F2862CD7CC1A0064F41A /* SomeFeature.framework in Embed Frameworks */,
			);
			name = "Embed Frameworks";
			runOnlyForDeploymentPostprocessing = 0;
		};
/* End PBXCopyFilesBuildPhase section */

/* Begin PBXFileReference section */
		19B9F1AA2CD7BEC80064F41A /* Modular DI SwiftUI.app */ = {isa = PBXFileReference; explicitFileType = wrapper.application; includeInIndex = 0; path = "Modular DI SwiftUI.app"; sourceTree = BUILT_PRODUCTS_DIR; };
		19B9F1AD2CD7BEC80064F41A /* Modular_DI_SwiftUIApp.swift */ = {isa = PBXFileReference; lastKnownFileType = sourcecode.swift; path = Modular_DI_SwiftUIApp.swift; sourceTree = "<group>"; };
		19B9F1AF2CD7BEC80064F41A /* ContentView.swift */ = {isa = PBXFileReference; lastKnownFileType = sourcecode.swift; path = ContentView.swift; sourceTree = "<group>"; };
		19B9F1B12CD7BECA0064F41A /* Assets.xcassets */ = {isa = PBXFileReference; lastKnownFileType = folder.assetcatalog; path = Assets.xcassets; sourceTree = "<group>"; };
		19B9F1B42CD7BECA0064F41A /* Preview Assets.xcassets */ = {isa = PBXFileReference; lastKnownFileType = folder.assetcatalog; path = "Preview Assets.xcassets"; sourceTree = "<group>"; };
		19B9F2182CD7C2730064F41A /* SomeFeature.framework */ = {isa = PBXFileReference; explicitFileType = wrapper.framework; path = SomeFeature.framework; sourceTree = BUILT_PRODUCTS_DIR; };
		19B9F2192CD7C2730064F41A /* SomeService.framework */ = {isa = PBXFileReference; explicitFileType = wrapper.framework; path = SomeService.framework; sourceTree = BUILT_PRODUCTS_DIR; };
		19B9F2812CD7CC110064F41A /* Modular-DI-SwiftUI-Info.plist */ = {isa = PBXFileReference; lastKnownFileType = text.plist; path = "Modular-DI-SwiftUI-Info.plist"; sourceTree = SOURCE_ROOT; };
		19B9F2822CD7CC1A0064F41A /* SomeFeature.framework */ = {isa = PBXFileReference; explicitFileType = wrapper.framework; path = SomeFeature.framework; sourceTree = BUILT_PRODUCTS_DIR; };
		19B9F2832CD7CC1A0064F41A /* SomeServiceImplementation.framework */ = {isa = PBXFileReference; explicitFileType = wrapper.framework; path = SomeServiceImplementation.framework; sourceTree = BUILT_PRODUCTS_DIR; };
		19B9F2842CD7CC1A0064F41A /* SomeServiceInterface.framework */ = {isa = PBXFileReference; explicitFileType = wrapper.framework; path = SomeServiceInterface.framework; sourceTree = BUILT_PRODUCTS_DIR; };
/* End PBXFileReference section */

/* Begin PBXFrameworksBuildPhase section */
		19B9F1A72CD7BEC80064F41A /* Frameworks */ = {
			isa = PBXFrameworksBuildPhase;
			buildActionMask = 2147483647;
			files = (
				19B9F2872CD7CC1A0064F41A /* SomeServiceImplementation.framework in Frameworks */,
				19B9F2892CD7CC1A0064F41A /* SomeServiceInterface.framework in Frameworks */,
				19B9F2852CD7CC1A0064F41A /* SomeFeature.framework in Frameworks */,
			);
			runOnlyForDeploymentPostprocessing = 0;
		};
/* End PBXFrameworksBuildPhase section */

/* Begin PBXGroup section */
		19B9F1A12CD7BEC80064F41A = {
			isa = PBXGroup;
			children = (
				19B9F1AC2CD7BEC80064F41A /* Modular DI SwiftUI */,
				19B9F1AB2CD7BEC80064F41A /* Products */,
				19B9F1E62CD7C05A0064F41A /* Frameworks */,
			);
			sourceTree = "<group>";
		};
		19B9F1AB2CD7BEC80064F41A /* Products */ = {
			isa = PBXGroup;
			children = (
				19B9F1AA2CD7BEC80064F41A /* Modular DI SwiftUI.app */,
			);
			name = Products;
			sourceTree = "<group>";
		};
		19B9F1AC2CD7BEC80064F41A /* Modular DI SwiftUI */ = {
			isa = PBXGroup;
			children = (
				19B9F2812CD7CC110064F41A /* Modular-DI-SwiftUI-Info.plist */,
				19B9F1AD2CD7BEC80064F41A /* Modular_DI_SwiftUIApp.swift */,
				19B9F1AF2CD7BEC80064F41A /* ContentView.swift */,
				19B9F1B12CD7BECA0064F41A /* Assets.xcassets */,
				19B9F1B32CD7BECA0064F41A /* Preview Content */,
			);
			path = "Modular DI SwiftUI";
			sourceTree = "<group>";
		};
		19B9F1B32CD7BECA0064F41A /* Preview Content */ = {
			isa = PBXGroup;
			children = (
				19B9F1B42CD7BECA0064F41A /* Preview Assets.xcassets */,
			);
			path = "Preview Content";
			sourceTree = "<group>";
		};
		19B9F1E62CD7C05A0064F41A /* Frameworks */ = {
			isa = PBXGroup;
			children = (
				19B9F2822CD7CC1A0064F41A /* SomeFeature.framework */,
				19B9F2832CD7CC1A0064F41A /* SomeServiceImplementation.framework */,
				19B9F2842CD7CC1A0064F41A /* SomeServiceInterface.framework */,
				19B9F2182CD7C2730064F41A /* SomeFeature.framework */,
				19B9F2192CD7C2730064F41A /* SomeService.framework */,
			);
			name = Frameworks;
			sourceTree = "<group>";
		};
/* End PBXGroup section */

/* Begin PBXNativeTarget section */
		19B9F1A92CD7BEC80064F41A /* Modular DI SwiftUI */ = {
			isa = PBXNativeTarget;
			buildConfigurationList = 19B9F1B82CD7BECA0064F41A /* Build configuration list for PBXNativeTarget "Modular DI SwiftUI" */;
			buildPhases = (
				19B9F1A62CD7BEC80064F41A /* Sources */,
				19B9F1A72CD7BEC80064F41A /* Frameworks */,
				19B9F1A82CD7BEC80064F41A /* Resources */,
				19B9F28B2CD7CC1A0064F41A /* Embed Frameworks */,
			);
			buildRules = (
			);
			dependencies = (
			);
			name = "Modular DI SwiftUI";
			productName = "Modular DI SwiftUI";
			productReference = 19B9F1AA2CD7BEC80064F41A /* Modular DI SwiftUI.app */;
			productType = "com.apple.product-type.application";
		};
/* End PBXNativeTarget section */

/* Begin PBXProject section */
		19B9F1A22CD7BEC80064F41A /* Project object */ = {
			isa = PBXProject;
			attributes = {
				BuildIndependentTargetsInParallel = 1;
				LastSwiftUpdateCheck = 1540;
				LastUpgradeCheck = 1540;
				TargetAttributes = {
					19B9F1A92CD7BEC80064F41A = {
						CreatedOnToolsVersion = 15.4;
					};
				};
			};
			buildConfigurationList = 19B9F1A52CD7BEC80064F41A /* Build configuration list for PBXProject "Modular DI SwiftUI" */;
			compatibilityVersion = "Xcode 14.0";
			developmentRegion = en;
			hasScannedForEncodings = 0;
			knownRegions = (
				en,
				Base,
			);
			mainGroup = 19B9F1A12CD7BEC80064F41A;
			productRefGroup = 19B9F1AB2CD7BEC80064F41A /* Products */;
			projectDirPath = "";
			projectRoot = "";
			targets = (
				19B9F1A92CD7BEC80064F41A /* Modular DI SwiftUI */,
			);
		};
/* End PBXProject section */

/* Begin PBXResourcesBuildPhase section */
		19B9F1A82CD7BEC80064F41A /* Resources */ = {
			isa = PBXResourcesBuildPhase;
			buildActionMask = 2147483647;
			files = (
				19B9F1B52CD7BECA0064F41A /* Preview Assets.xcassets in Resources */,
				19B9F1B22CD7BECA0064F41A /* Assets.xcassets in Resources */,
			);
			runOnlyForDeploymentPostprocessing = 0;
		};
/* End PBXResourcesBuildPhase section */

/* Begin PBXSourcesBuildPhase section */
		19B9F1A62CD7BEC80064F41A /* Sources */ = {
			isa = PBXSourcesBuildPhase;
			buildActionMask = 2147483647;
			files = (
				19B9F1B02CD7BEC80064F41A /* ContentView.swift in Sources */,
				19B9F1AE2CD7BEC80064F41A /* Modular_DI_SwiftUIApp.swift in Sources */,
			);
			runOnlyForDeploymentPostprocessing = 0;
		};
/* End PBXSourcesBuildPhase section */

/* Begin XCBuildConfiguration section */
		19B9F1B62CD7BECA0064F41A /* Debug */ = {
			isa = XCBuildConfiguration;
			buildSettings = {
				ALWAYS_SEARCH_USER_PATHS = NO;
				ASSETCATALOG_COMPILER_GENERATE_SWIFT_ASSET_SYMBOL_EXTENSIONS = YES;
				CLANG_ANALYZER_NONNULL = YES;
				CLANG_ANALYZER_NUMBER_OBJECT_CONVERSION = YES_AGGRESSIVE;
				CLANG_CXX_LANGUAGE_STANDARD = "gnu++20";
				CLANG_ENABLE_MODULES = YES;
				CLANG_ENABLE_OBJC_ARC = YES;
				CLANG_ENABLE_OBJC_WEAK = YES;
				CLANG_WARN_BLOCK_CAPTURE_AUTORELEASING = YES;
				CLANG_WARN_BOOL_CONVERSION = YES;
				CLANG_WARN_COMMA = YES;
				CLANG_WARN_CONSTANT_CONVERSION = YES;
				CLANG_WARN_DEPRECATED_OBJC_IMPLEMENTATIONS = YES;
				CLANG_WARN_DIRECT_OBJC_ISA_USAGE = YES_ERROR;
				CLANG_WARN_DOCUMENTATION_COMMENTS = YES;
				CLANG_WARN_EMPTY_BODY = YES;
				CLANG_WARN_ENUM_CONVERSION = YES;
				CLANG_WARN_INFINITE_RECURSION = YES;
				CLANG_WARN_INT_CONVERSION = YES;
				CLANG_WARN_NON_LITERAL_NULL_CONVERSION = YES;
				CLANG_WARN_OBJC_IMPLICIT_RETAIN_SELF = YES;
				CLANG_WARN_OBJC_LITERAL_CONVERSION = YES;
				CLANG_WARN_OBJC_ROOT_CLASS = YES_ERROR;
				CLANG_WARN_QUOTED_INCLUDE_IN_FRAMEWORK_HEADER = YES;
				CLANG_WARN_RANGE_LOOP_ANALYSIS = YES;
				CLANG_WARN_STRICT_PROTOTYPES = YES;
				CLANG_WARN_SUSPICIOUS_MOVE = YES;
				CLANG_WARN_UNGUARDED_AVAILABILITY = YES_AGGRESSIVE;
				CLANG_WARN_UNREACHABLE_CODE = YES;
				CLANG_WARN__DUPLICATE_METHOD_MATCH = YES;
				COPY_PHASE_STRIP = NO;
				DEBUG_INFORMATION_FORMAT = dwarf;
				ENABLE_STRICT_OBJC_MSGSEND = YES;
				ENABLE_TESTABILITY = YES;
				ENABLE_USER_SCRIPT_SANDBOXING = YES;
				GCC_C_LANGUAGE_STANDARD = gnu17;
				GCC_DYNAMIC_NO_PIC = NO;
				GCC_NO_COMMON_BLOCKS = YES;
				GCC_OPTIMIZATION_LEVEL = 0;
				GCC_PREPROCESSOR_DEFINITIONS = (
					"DEBUG=1",
					"$(inherited)",
				);
				GCC_WARN_64_TO_32_BIT_CONVERSION = YES;
				GCC_WARN_ABOUT_RETURN_TYPE = YES_ERROR;
				GCC_WARN_UNDECLARED_SELECTOR = YES;
				GCC_WARN_UNINITIALIZED_AUTOS = YES_AGGRESSIVE;
				GCC_WARN_UNUSED_FUNCTION = YES;
				GCC_WARN_UNUSED_VARIABLE = YES;
				IPHONEOS_DEPLOYMENT_TARGET = 17.5;
				LOCALIZATION_PREFERS_STRING_CATALOGS = YES;
				MTL_ENABLE_DEBUG_INFO = INCLUDE_SOURCE;
				MTL_FAST_MATH = YES;
				ONLY_ACTIVE_ARCH = YES;
				SDKROOT = iphoneos;
				SWIFT_ACTIVE_COMPILATION_CONDITIONS = "DEBUG $(inherited)";
				SWIFT_OPTIMIZATION_LEVEL = "-Onone";
			};
			name = Debug;
		};
		19B9F1B72CD7BECA0064F41A /* Release */ = {
			isa = XCBuildConfiguration;
			buildSettings = {
				ALWAYS_SEARCH_USER_PATHS = NO;
				ASSETCATALOG_COMPILER_GENERATE_SWIFT_ASSET_SYMBOL_EXTENSIONS = YES;
				CLANG_ANALYZER_NONNULL = YES;
				CLANG_ANALYZER_NUMBER_OBJECT_CONVERSION = YES_AGGRESSIVE;
				CLANG_CXX_LANGUAGE_STANDARD = "gnu++20";
				CLANG_ENABLE_MODULES = YES;
				CLANG_ENABLE_OBJC_ARC = YES;
				CLANG_ENABLE_OBJC_WEAK = YES;
				CLANG_WARN_BLOCK_CAPTURE_AUTORELEASING = YES;
				CLANG_WARN_BOOL_CONVERSION = YES;
				CLANG_WARN_COMMA = YES;
				CLANG_WARN_CONSTANT_CONVERSION = YES;
				CLANG_WARN_DEPRECATED_OBJC_IMPLEMENTATIONS = YES;
				CLANG_WARN_DIRECT_OBJC_ISA_USAGE = YES_ERROR;
				CLANG_WARN_DOCUMENTATION_COMMENTS = YES;
				CLANG_WARN_EMPTY_BODY = YES;
				CLANG_WARN_ENUM_CONVERSION = YES;
				CLANG_WARN_INFINITE_RECURSION = YES;
				CLANG_WARN_INT_CONVERSION = YES;
				CLANG_WARN_NON_LITERAL_NULL_CONVERSION = YES;
				CLANG_WARN_OBJC_IMPLICIT_RETAIN_SELF = YES;
				CLANG_WARN_OBJC_LITERAL_CONVERSION = YES;
				CLANG_WARN_OBJC_ROOT_CLASS = YES_ERROR;
				CLANG_WARN_QUOTED_INCLUDE_IN_FRAMEWORK_HEADER = YES;
				CLANG_WARN_RANGE_LOOP_ANALYSIS = YES;
				CLANG_WARN_STRICT_PROTOTYPES = YES;
				CLANG_WARN_SUSPICIOUS_MOVE = YES;
				CLANG_WARN_UNGUARDED_AVAILABILITY = YES_AGGRESSIVE;
				CLANG_WARN_UNREACHABLE_CODE = YES;
				CLANG_WARN__DUPLICATE_METHOD_MATCH = YES;
				COPY_PHASE_STRIP = NO;
				DEBUG_INFORMATION_FORMAT = "dwarf-with-dsym";
				ENABLE_NS_ASSERTIONS = NO;
				ENABLE_STRICT_OBJC_MSGSEND = YES;
				ENABLE_USER_SCRIPT_SANDBOXING = YES;
				GCC_C_LANGUAGE_STANDARD = gnu17;
				GCC_NO_COMMON_BLOCKS = YES;
				GCC_WARN_64_TO_32_BIT_CONVERSION = YES;
				GCC_WARN_ABOUT_RETURN_TYPE = YES_ERROR;
				GCC_WARN_UNDECLARED_SELECTOR = YES;
				GCC_WARN_UNINITIALIZED_AUTOS = YES_AGGRESSIVE;
				GCC_WARN_UNUSED_FUNCTION = YES;
				GCC_WARN_UNUSED_VARIABLE = YES;
				IPHONEOS_DEPLOYMENT_TARGET = 17.5;
				LOCALIZATION_PREFERS_STRING_CATALOGS = YES;
				MTL_ENABLE_DEBUG_INFO = NO;
				MTL_FAST_MATH = YES;
				SDKROOT = iphoneos;
				SWIFT_COMPILATION_MODE = wholemodule;
				VALIDATE_PRODUCT = YES;
			};
			name = Release;
		};
		19B9F1B92CD7BECA0064F41A /* Debug */ = {
			isa = XCBuildConfiguration;
			buildSettings = {
				ASSETCATALOG_COMPILER_APPICON_NAME = AppIcon;
				ASSETCATALOG_COMPILER_GLOBAL_ACCENT_COLOR_NAME = AccentColor;
				CODE_SIGN_STYLE = Automatic;
				CURRENT_PROJECT_VERSION = 1;
				DEVELOPMENT_ASSET_PATHS = "\"Modular DI SwiftUI/Preview Content\"";
				ENABLE_PREVIEWS = YES;
				GENERATE_INFOPLIST_FILE = YES;
				INFOPLIST_FILE = "Modular-DI-SwiftUI-Info.plist";
				INFOPLIST_KEY_UIApplicationSceneManifest_Generation = YES;
				INFOPLIST_KEY_UIApplicationSupportsIndirectInputEvents = YES;
				INFOPLIST_KEY_UILaunchScreen_Generation = YES;
				INFOPLIST_KEY_UISupportedInterfaceOrientations_iPad = "UIInterfaceOrientationPortrait UIInterfaceOrientationPortraitUpsideDown UIInterfaceOrientationLandscapeLeft UIInterfaceOrientationLandscapeRight";
				INFOPLIST_KEY_UISupportedInterfaceOrientations_iPhone = "UIInterfaceOrientationPortrait UIInterfaceOrientationLandscapeLeft UIInterfaceOrientationLandscapeRight";
				LD_RUNPATH_SEARCH_PATHS = (
					"$(inherited)",
					"@executable_path/Frameworks",
				);
				MARKETING_VERSION = 1.0;
				PRODUCT_BUNDLE_IDENTIFIER = "com.leapi.Modular-DI-SwiftUI";
				PRODUCT_NAME = "$(TARGET_NAME)";
				SWIFT_EMIT_LOC_STRINGS = YES;
				SWIFT_VERSION = 5.0;
				TARGETED_DEVICE_FAMILY = "1,2";
			};
			name = Debug;
		};
		19B9F1BA2CD7BECA0064F41A /* Release */ = {
			isa = XCBuildConfiguration;
			buildSettings = {
				ASSETCATALOG_COMPILER_APPICON_NAME = AppIcon;
				ASSETCATALOG_COMPILER_GLOBAL_ACCENT_COLOR_NAME = AccentColor;
				CODE_SIGN_STYLE = Automatic;
				CURRENT_PROJECT_VERSION = 1;
				DEVELOPMENT_ASSET_PATHS = "\"Modular DI SwiftUI/Preview Content\"";
				ENABLE_PREVIEWS = YES;
				GENERATE_INFOPLIST_FILE = YES;
				INFOPLIST_FILE = "Modular-DI-SwiftUI-Info.plist";
				INFOPLIST_KEY_UIApplicationSceneManifest_Generation = YES;
				INFOPLIST_KEY_UIApplicationSupportsIndirectInputEvents = YES;
				INFOPLIST_KEY_UILaunchScreen_Generation = YES;
				INFOPLIST_KEY_UISupportedInterfaceOrientations_iPad = "UIInterfaceOrientationPortrait UIInterfaceOrientationPortraitUpsideDown UIInterfaceOrientationLandscapeLeft UIInterfaceOrientationLandscapeRight";
				INFOPLIST_KEY_UISupportedInterfaceOrientations_iPhone = "UIInterfaceOrientationPortrait UIInterfaceOrientationLandscapeLeft UIInterfaceOrientationLandscapeRight";
				LD_RUNPATH_SEARCH_PATHS = (
					"$(inherited)",
					"@executable_path/Frameworks",
				);
				MARKETING_VERSION = 1.0;
				PRODUCT_BUNDLE_IDENTIFIER = "com.leapi.Modular-DI-SwiftUI";
				PRODUCT_NAME = "$(TARGET_NAME)";
				SWIFT_EMIT_LOC_STRINGS = YES;
				SWIFT_VERSION = 5.0;
				TARGETED_DEVICE_FAMILY = "1,2";
			};
			name = Release;
		};
/* End XCBuildConfiguration section */

/* Begin XCConfigurationList section */
		19B9F1A52CD7BEC80064F41A /* Build configuration list for PBXProject "Modular DI SwiftUI" */ = {
			isa = XCConfigurationList;
			buildConfigurations = (
				19B9F1B62CD7BECA0064F41A /* Debug */,
				19B9F1B72CD7BECA0064F41A /* Release */,
			);
			defaultConfigurationIsVisible = 0;
			defaultConfigurationName = Release;
		};
		19B9F1B82CD7BECA0064F41A /* Build configuration list for PBXNativeTarget "Modular DI SwiftUI" */ = {
			isa = XCConfigurationList;
			buildConfigurations = (
				19B9F1B92CD7BECA0064F41A /* Debug */,
				19B9F1BA2CD7BECA0064F41A /* Release */,
			);
			defaultConfigurationIsVisible = 0;
			defaultConfigurationName = Release;
		};
/* End XCConfigurationList section */
	};
	rootObject = 19B9F1A22CD7BEC80064F41A /* Project object */;
}
